# This file is automatically @generated by Poetry 1.4.2 and should not be changed by hand.

[[package]]
name = "pywavefront"
version = "1.3.3"
description = "Python library for importing Wavefront .obj files"
category = "main"
optional = false
python-versions = ">=3.4"
files = [
    {file = "PyWavefront-1.3.3-py3-none-any.whl", hash = "sha256:ec79cadd046b168434b01031e574f4105f821d06cb8cf754801e4dc18076bbeb"},
]

[package.extras]
visualization = ["pyglet"]

[metadata]
lock-version = "2.0"
python-versions = "^3.10"
content-hash = "017ffa8407611f3312cd174a2f5cafdbf69728c05882efd5d48708151ce273d2"
